### YamlMime:UniversalReference
items:
  - uid: Api.Js.SxcJs.CommandParamsEntityInContentBlock
    name: CommandParamsEntityInContentBlock
    fullName: CommandParamsEntityInContentBlock
    children:
      - Api.Js.SxcJs.CommandParamsEntityInContentBlock.index
      - Api.Js.SxcJs.CommandParamsEntityInContentBlock.useModuleList
    langs:
      - typeScript
    type: interface
    summary: >-
      Parameters used for command which expect an item from a list of a
      ContentBlock.

      <br>

      ⤴️ back to [All Command Names](xref:Api.Js.SxcJs.CommandNames)
    package: Api.Js.SxcJs
  - uid: Api.Js.SxcJs.CommandParamsEntityInContentBlock.index
    name: index
    fullName: index
    children: []
    langs:
      - typeScript
    type: property
    summary: >-
      Determins the position of the item in the list.

      index was added in v14.04 to replace the `sortOrder` which had a confusing
      name.
    syntax:
      content: 'index: number'
      return:
        type:
          - number
        description: ''
    package: Api.Js.SxcJs
  - uid: Api.Js.SxcJs.CommandParamsEntityInContentBlock.useModuleList
    name: useModuleList
    fullName: useModuleList
    children: []
    langs:
      - typeScript
    type: property
    summary: 'Must be true, to work on the module list.'
    syntax:
      content: 'useModuleList: true'
      return:
        type:
          - 'true'
        description: ''
    package: Api.Js.SxcJs
